{
  "name": "quickpizza",
  "lockfileVersion": 2,
  "requires": true,
  "packages": {
    "": {
      "dependencies": {
        "web": "^0.0.2"
      }
    },
    "node_modules/web": {
      "version": "0.0.2",
      "resolved": "https://registry.npmjs.org/web/-/web-0.0.2.tgz",
      "integrity": "sha512-DDf86rBor7Hn4uRgXbCxcOKyP8aiokvkd648k/xjKUO4hQSLvupfDC3dHCBXQ4lJFxYW62/CEWpSINbSQRr57A=="
    }
  },
  "dependencies": {
    "web": {
      "version": "0.0.2",
      "resolved": "https://registry.npmjs.org/web/-/web-0.0.2.tgz",
      "integrity": "sha512-DDf86rBor7Hn4uRgXbCxcOKyP8aiokvkd648k/xjKUO4hQSLvupfDC3dHCBXQ4lJFxYW62/CEWpSINbSQRr57A=="
    }
  }
}
